
Microsoft Visual Studio Solution File, Format Version 12.00
# Visual Studio 15
VisualStudioVersion = 15.0.26430.6
MinimumVisualStudioVersion = 10.0.40219.1
Project("{FAE04EC0-301F-11D3-BF4B-00C04F79EFBC}") = "CsvParsingDemo_Core", "CsvParsingDemo_Core\CsvParsingDemo_Core.csproj", "{66C97F0F-103D-40D1-B6C9-36F0D85940D7}"
EndProject
Project("{FAE04EC0-301F-11D3-BF4B-00C04F79EFBC}") = "CsvParsingDemo_Core_Tests", "CsvParsingDemo_Core_Tests\CsvParsingDemo_Core_Tests.csproj", "{BA1914BE-4032-47F0-8CAF-6E1C66D4FD95}"
EndProject
Global
	GlobalSection(SolutionConfigurationPlatforms) = preSolution
		Debug|Any CPU = Debug|Any CPU
		Release|Any CPU = Release|Any CPU
	EndGlobalSection
	GlobalSection(ProjectConfigurationPlatforms) = postSolution
		{66C97F0F-103D-40D1-B6C9-36F0D85940D7}.Debug|Any CPU.ActiveCfg = Debug|Any CPU
		{66C97F0F-103D-40D1-B6C9-36F0D85940D7}.Debug|Any CPU.Build.0 = Debug|Any CPU
		{66C97F0F-103D-40D1-B6C9-36F0D85940D7}.Release|Any CPU.ActiveCfg = Release|Any CPU
		{66C97F0F-103D-40D1-B6C9-36F0D85940D7}.Release|Any CPU.Build.0 = Release|Any CPU
		{BA1914BE-4032-47F0-8CAF-6E1C66D4FD95}.Debug|Any CPU.ActiveCfg = Debug|Any CPU
		{BA1914BE-4032-47F0-8CAF-6E1C66D4FD95}.Debug|Any CPU.Build.0 = Debug|Any CPU
		{BA1914BE-4032-47F0-8CAF-6E1C66D4FD95}.Release|Any CPU.ActiveCfg = Release|Any CPU
		{BA1914BE-4032-47F0-8CAF-6E1C66D4FD95}.Release|Any CPU.Build.0 = Release|Any CPU
	EndGlobalSection
	GlobalSection(SolutionProperties) = preSolution
		HideSolutionNode = FALSE
	EndGlobalSection
EndGlobal
